// !$*UTF8*$!
{
	archiveVersion = 1;
	classes = {
	};
	objectVersion = 55;
	objects = {

/* Begin PBXBuildFile section */
		872899FC2918A45A00897C06 /* AppDelegate.swift in Sources */ = {isa = PBXBuildFile; fileRef = 872899FB2918A45A00897C06 /* AppDelegate.swift */; };
		872899FE2918A45A00897C06 /* SceneDelegate.swift in Sources */ = {isa = PBXBuildFile; fileRef = 872899FD2918A45A00897C06 /* SceneDelegate.swift */; };
		87289A002918A45A00897C06 /* ViewController.swift in Sources */ = {isa = PBXBuildFile; fileRef = 872899FF2918A45A00897C06 /* ViewController.swift */; };
		87289A032918A45A00897C06 /* Main.storyboard in Resources */ = {isa = PBXBuildFile; fileRef = 87289A012918A45A00897C06 /* Main.storyboard */; };
		87289A052918A45D00897C06 /* Assets.xcassets in Resources */ = {isa = PBXBuildFile; fileRef = 87289A042918A45D00897C06 /* Assets.xcassets */; };
		87289A082918A45D00897C06 /* LaunchScreen.storyboard in Resources */ = {isa = PBXBuildFile; fileRef = 87289A062918A45D00897C06 /* LaunchScreen.storyboard */; };
		87289A152918DA1B00897C06 /* QuestionarePresenter.swift in Sources */ = {isa = PBXBuildFile; fileRef = 87289A0F2918DA1B00897C06 /* QuestionarePresenter.swift */; };
		87289A162918DA1B00897C06 /* QuestionareWorker.swift in Sources */ = {isa = PBXBuildFile; fileRef = 87289A102918DA1B00897C06 /* QuestionareWorker.swift */; };
		87289A172918DA1B00897C06 /* QuestionareRouter.swift in Sources */ = {isa = PBXBuildFile; fileRef = 87289A112918DA1B00897C06 /* QuestionareRouter.swift */; };
		87289A182918DA1B00897C06 /* QuestionareModels.swift in Sources */ = {isa = PBXBuildFile; fileRef = 87289A122918DA1B00897C06 /* QuestionareModels.swift */; };
		87289A192918DA1B00897C06 /* QuestionareViewController.swift in Sources */ = {isa = PBXBuildFile; fileRef = 87289A132918DA1B00897C06 /* QuestionareViewController.swift */; };
		87289A1A2918DA1B00897C06 /* QuestionareInteractor.swift in Sources */ = {isa = PBXBuildFile; fileRef = 87289A142918DA1B00897C06 /* QuestionareInteractor.swift */; };
/* End PBXBuildFile section */

/* Begin PBXFileReference section */
		872899F82918A45A00897C06 /* CleanSwift.app */ = {isa = PBXFileReference; explicitFileType = wrapper.application; includeInIndex = 0; path = CleanSwift.app; sourceTree = BUILT_PRODUCTS_DIR; };
		872899FB2918A45A00897C06 /* AppDelegate.swift */ = {isa = PBXFileReference; lastKnownFileType = sourcecode.swift; path = AppDelegate.swift; sourceTree = "<group>"; };
		872899FD2918A45A00897C06 /* SceneDelegate.swift */ = {isa = PBXFileReference; lastKnownFileType = sourcecode.swift; path = SceneDelegate.swift; sourceTree = "<group>"; };
		872899FF2918A45A00897C06 /* ViewController.swift */ = {isa = PBXFileReference; lastKnownFileType = sourcecode.swift; path = ViewController.swift; sourceTree = "<group>"; };
		87289A022918A45A00897C06 /* Base */ = {isa = PBXFileReference; lastKnownFileType = file.storyboard; name = Base; path = Base.lproj/Main.storyboard; sourceTree = "<group>"; };
		87289A042918A45D00897C06 /* Assets.xcassets */ = {isa = PBXFileReference; lastKnownFileType = folder.assetcatalog; path = Assets.xcassets; sourceTree = "<group>"; };
		87289A072918A45D00897C06 /* Base */ = {isa = PBXFileReference; lastKnownFileType = file.storyboard; name = Base; path = Base.lproj/LaunchScreen.storyboard; sourceTree = "<group>"; };
		87289A092918A45D00897C06 /* Info.plist */ = {isa = PBXFileReference; lastKnownFileType = text.plist.xml; path = Info.plist; sourceTree = "<group>"; };
		87289A0F2918DA1B00897C06 /* QuestionarePresenter.swift */ = {isa = PBXFileReference; lastKnownFileType = sourcecode.swift; path = QuestionarePresenter.swift; sourceTree = "<group>"; };
		87289A102918DA1B00897C06 /* QuestionareWorker.swift */ = {isa = PBXFileReference; lastKnownFileType = sourcecode.swift; path = QuestionareWorker.swift; sourceTree = "<group>"; };
		87289A112918DA1B00897C06 /* QuestionareRouter.swift */ = {isa = PBXFileReference; lastKnownFileType = sourcecode.swift; path = QuestionareRouter.swift; sourceTree = "<group>"; };
		87289A122918DA1B00897C06 /* QuestionareModels.swift */ = {isa = PBXFileReference; lastKnownFileType = sourcecode.swift; path = QuestionareModels.swift; sourceTree = "<group>"; };
		87289A132918DA1B00897C06 /* QuestionareViewController.swift */ = {isa = PBXFileReference; lastKnownFileType = sourcecode.swift; path = QuestionareViewController.swift; sourceTree = "<group>"; };
		87289A142918DA1B00897C06 /* QuestionareInteractor.swift */ = {isa = PBXFileReference; lastKnownFileType = sourcecode.swift; path = QuestionareInteractor.swift; sourceTree = "<group>"; };
/* End PBXFileReference section */

/* Begin PBXFrameworksBuildPhase section */
		872899F52918A45A00897C06 /* Frameworks */ = {
			isa = PBXFrameworksBuildPhase;
			buildActionMask = 2147483647;
			files = (
			);
			runOnlyForDeploymentPostprocessing = 0;
		};
/* End PBXFrameworksBuildPhase section */

/* Begin PBXGroup section */
		872899EF2918A45900897C06 = {
			isa = PBXGroup;
			children = (
				872899FA2918A45A00897C06 /* CleanSwift */,
				872899F92918A45A00897C06 /* Products */,
			);
			sourceTree = "<group>";
		};
		872899F92918A45A00897C06 /* Products */ = {
			isa = PBXGroup;
			children = (
				872899F82918A45A00897C06 /* CleanSwift.app */,
			);
			name = Products;
			sourceTree = "<group>";
		};
		872899FA2918A45A00897C06 /* CleanSwift */ = {
			isa = PBXGroup;
			children = (
				872899FB2918A45A00897C06 /* AppDelegate.swift */,
				872899FD2918A45A00897C06 /* SceneDelegate.swift */,
				872899FF2918A45A00897C06 /* ViewController.swift */,
				87289A012918A45A00897C06 /* Main.storyboard */,
				87289A042918A45D00897C06 /* Assets.xcassets */,
				87289A062918A45D00897C06 /* LaunchScreen.storyboard */,
				87289A092918A45D00897C06 /* Info.plist */,
				87289A1B2918DA2600897C06 /* Questionare */,
			);
			path = CleanSwift;
			sourceTree = "<group>";
		};
		87289A1B2918DA2600897C06 /* Questionare */ = {
			isa = PBXGroup;
			children = (
				87289A132918DA1B00897C06 /* QuestionareViewController.swift */,
				87289A142918DA1B00897C06 /* QuestionareInteractor.swift */,
				87289A0F2918DA1B00897C06 /* QuestionarePresenter.swift */,
				87289A102918DA1B00897C06 /* QuestionareWorker.swift */,
				87289A112918DA1B00897C06 /* QuestionareRouter.swift */,
				87289A122918DA1B00897C06 /* QuestionareModels.swift */,
			);
			path = Questionare;
			sourceTree = "<group>";
		};
/* End PBXGroup section */

/* Begin PBXNativeTarget section */
		872899F72918A45A00897C06 /* CleanSwift */ = {
			isa = PBXNativeTarget;
			buildConfigurationList = 87289A0C2918A45D00897C06 /* Build configuration list for PBXNativeTarget "CleanSwift" */;
			buildPhases = (
				872899F42918A45A00897C06 /* Sources */,
				872899F52918A45A00897C06 /* Frameworks */,
				872899F62918A45A00897C06 /* Resources */,
			);
			buildRules = (
			);
			dependencies = (
			);
			name = CleanSwift;
			productName = CleanSwift;
			productReference = 872899F82918A45A00897C06 /* CleanSwift.app */;
			productType = "com.apple.product-type.application";
		};
/* End PBXNativeTarget section */

/* Begin PBXProject section */
		872899F02918A45900897C06 /* Project object */ = {
			isa = PBXProject;
			attributes = {
				BuildIndependentTargetsInParallel = 1;
				LastSwiftUpdateCheck = 1330;
				LastUpgradeCheck = 1330;
				TargetAttributes = {
					872899F72918A45A00897C06 = {
						CreatedOnToolsVersion = 13.3;
					};
				};
			};
			buildConfigurationList = 872899F32918A45900897C06 /* Build configuration list for PBXProject "CleanSwift" */;
			compatibilityVersion = "Xcode 13.0";
			developmentRegion = en;
			hasScannedForEncodings = 0;
			knownRegions = (
				en,
				Base,
			);
			mainGroup = 872899EF2918A45900897C06;
			productRefGroup = 872899F92918A45A00897C06 /* Products */;
			projectDirPath = "";
			projectRoot = "";
			targets = (
				872899F72918A45A00897C06 /* CleanSwift */,
			);
		};
/* End PBXProject section */

/* Begin PBXResourcesBuildPhase section */
		872899F62918A45A00897C06 /* Resources */ = {
			isa = PBXResourcesBuildPhase;
			buildActionMask = 2147483647;
			files = (
				87289A082918A45D00897C06 /* LaunchScreen.storyboard in Resources */,
				87289A052918A45D00897C06 /* Assets.xcassets in Resources */,
				87289A032918A45A00897C06 /* Main.storyboard in Resources */,
			);
			runOnlyForDeploymentPostprocessing = 0;
		};
/* End PBXResourcesBuildPhase section */

/* Begin PBXSourcesBuildPhase section */
		872899F42918A45A00897C06 /* Sources */ = {
			isa = PBXSourcesBuildPhase;
			buildActionMask = 2147483647;
			files = (
				87289A1A2918DA1B00897C06 /* QuestionareInteractor.swift in Sources */,
				87289A002918A45A00897C06 /* ViewController.swift in Sources */,
				87289A192918DA1B00897C06 /* QuestionareViewController.swift in Sources */,
				87289A182918DA1B00897C06 /* QuestionareModels.swift in Sources */,
				87289A162918DA1B00897C06 /* QuestionareWorker.swift in Sources */,
				87289A152918DA1B00897C06 /* QuestionarePresenter.swift in Sources */,
				87289A172918DA1B00897C06 /* QuestionareRouter.swift in Sources */,
				872899FC2918A45A00897C06 /* AppDelegate.swift in Sources */,
				872899FE2918A45A00897C06 /* SceneDelegate.swift in Sources */,
			);
			runOnlyForDeploymentPostprocessing = 0;
		};
/* End PBXSourcesBuildPhase section */

/* Begin PBXVariantGroup section */
		87289A012918A45A00897C06 /* Main.storyboard */ = {
			isa = PBXVariantGroup;
			children = (
				87289A022918A45A00897C06 /* Base */,
			);
			name = Main.storyboard;
			sourceTree = "<group>";
		};
		87289A062918A45D00897C06 /* LaunchScreen.storyboard */ = {
			isa = PBXVariantGroup;
			children = (
				87289A072918A45D00897C06 /* Base */,
			);
			name = LaunchScreen.storyboard;
			sourceTree = "<group>";
		};
/* End PBXVariantGroup section */

/* Begin XCBuildConfiguration section */
		87289A0A2918A45D00897C06 /* Debug */ = {
			isa = XCBuildConfiguration;
			buildSettings = {
				ALWAYS_SEARCH_USER_PATHS = NO;
				CLANG_ANALYZER_NONNULL = YES;
				CLANG_ANALYZER_NUMBER_OBJECT_CONVERSION = YES_AGGRESSIVE;
				CLANG_CXX_LANGUAGE_STANDARD = "gnu++17";
				CLANG_ENABLE_MODULES = YES;
				CLANG_ENABLE_OBJC_ARC = YES;
				CLANG_ENABLE_OBJC_WEAK = YES;
				CLANG_WARN_BLOCK_CAPTURE_AUTORELEASING = YES;
				CLANG_WARN_BOOL_CONVERSION = YES;
				CLANG_WARN_COMMA = YES;
				CLANG_WARN_CONSTANT_CONVERSION = YES;
				CLANG_WARN_DEPRECATED_OBJC_IMPLEMENTATIONS = YES;
				CLANG_WARN_DIRECT_OBJC_ISA_USAGE = YES_ERROR;
				CLANG_WARN_DOCUMENTATION_COMMENTS = YES;
				CLANG_WARN_EMPTY_BODY = YES;
				CLANG_WARN_ENUM_CONVERSION = YES;
				CLANG_WARN_INFINITE_RECURSION = YES;
				CLANG_WARN_INT_CONVERSION = YES;
				CLANG_WARN_NON_LITERAL_NULL_CONVERSION = YES;
				CLANG_WARN_OBJC_IMPLICIT_RETAIN_SELF = YES;
				CLANG_WARN_OBJC_LITERAL_CONVERSION = YES;
				CLANG_WARN_OBJC_ROOT_CLASS = YES_ERROR;
				CLANG_WARN_QUOTED_INCLUDE_IN_FRAMEWORK_HEADER = YES;
				CLANG_WARN_RANGE_LOOP_ANALYSIS = YES;
				CLANG_WARN_STRICT_PROTOTYPES = YES;
				CLANG_WARN_SUSPICIOUS_MOVE = YES;
				CLANG_WARN_UNGUARDED_AVAILABILITY = YES_AGGRESSIVE;
				CLANG_WARN_UNREACHABLE_CODE = YES;
				CLANG_WARN__DUPLICATE_METHOD_MATCH = YES;
				COPY_PHASE_STRIP = NO;
				DEBUG_INFORMATION_FORMAT = dwarf;
				ENABLE_STRICT_OBJC_MSGSEND = YES;
				ENABLE_TESTABILITY = YES;
				GCC_C_LANGUAGE_STANDARD = gnu11;
				GCC_DYNAMIC_NO_PIC = NO;
				GCC_NO_COMMON_BLOCKS = YES;
				GCC_OPTIMIZATION_LEVEL = 0;
				GCC_PREPROCESSOR_DEFINITIONS = (
					"DEBUG=1",
					"$(inherited)",
				);
				GCC_WARN_64_TO_32_BIT_CONVERSION = YES;
				GCC_WARN_ABOUT_RETURN_TYPE = YES_ERROR;
				GCC_WARN_UNDECLARED_SELECTOR = YES;
				GCC_WARN_UNINITIALIZED_AUTOS = YES_AGGRESSIVE;
				GCC_WARN_UNUSED_FUNCTION = YES;
				GCC_WARN_UNUSED_VARIABLE = YES;
				IPHONEOS_DEPLOYMENT_TARGET = 15.4;
				MTL_ENABLE_DEBUG_INFO = INCLUDE_SOURCE;
				MTL_FAST_MATH = YES;
				ONLY_ACTIVE_ARCH = YES;
				SDKROOT = iphoneos;
				SWIFT_ACTIVE_COMPILATION_CONDITIONS = DEBUG;
				SWIFT_OPTIMIZATION_LEVEL = "-Onone";
			};
			name = Debug;
		};
		87289A0B2918A45D00897C06 /* Release */ = {
			isa = XCBuildConfiguration;
			buildSettings = {
				ALWAYS_SEARCH_USER_PATHS = NO;
				CLANG_ANALYZER_NONNULL = YES;
				CLANG_ANALYZER_NUMBER_OBJECT_CONVERSION = YES_AGGRESSIVE;
				CLANG_CXX_LANGUAGE_STANDARD = "gnu++17";
				CLANG_ENABLE_MODULES = YES;
				CLANG_ENABLE_OBJC_ARC = YES;
				CLANG_ENABLE_OBJC_WEAK = YES;
				CLANG_WARN_BLOCK_CAPTURE_AUTORELEASING = YES;
				CLANG_WARN_BOOL_CONVERSION = YES;
				CLANG_WARN_COMMA = YES;
				CLANG_WARN_CONSTANT_CONVERSION = YES;
				CLANG_WARN_DEPRECATED_OBJC_IMPLEMENTATIONS = YES;
				CLANG_WARN_DIRECT_OBJC_ISA_USAGE = YES_ERROR;
				CLANG_WARN_DOCUMENTATION_COMMENTS = YES;
				CLANG_WARN_EMPTY_BODY = YES;
				CLANG_WARN_ENUM_CONVERSION = YES;
				CLANG_WARN_INFINITE_RECURSION = YES;
				CLANG_WARN_INT_CONVERSION = YES;
				CLANG_WARN_NON_LITERAL_NULL_CONVERSION = YES;
				CLANG_WARN_OBJC_IMPLICIT_RETAIN_SELF = YES;
				CLANG_WARN_OBJC_LITERAL_CONVERSION = YES;
				CLANG_WARN_OBJC_ROOT_CLASS = YES_ERROR;
				CLANG_WARN_QUOTED_INCLUDE_IN_FRAMEWORK_HEADER = YES;
				CLANG_WARN_RANGE_LOOP_ANALYSIS = YES;
				CLANG_WARN_STRICT_PROTOTYPES = YES;
				CLANG_WARN_SUSPICIOUS_MOVE = YES;
				CLANG_WARN_UNGUARDED_AVAILABILITY = YES_AGGRESSIVE;
				CLANG_WARN_UNREACHABLE_CODE = YES;
				CLANG_WARN__DUPLICATE_METHOD_MATCH = YES;
				COPY_PHASE_STRIP = NO;
				DEBUG_INFORMATION_FORMAT = "dwarf-with-dsym";
				ENABLE_NS_ASSERTIONS = NO;
				ENABLE_STRICT_OBJC_MSGSEND = YES;
				GCC_C_LANGUAGE_STANDARD = gnu11;
				GCC_NO_COMMON_BLOCKS = YES;
				GCC_WARN_64_TO_32_BIT_CONVERSION = YES;
				GCC_WARN_ABOUT_RETURN_TYPE = YES_ERROR;
				GCC_WARN_UNDECLARED_SELECTOR = YES;
				GCC_WARN_UNINITIALIZED_AUTOS = YES_AGGRESSIVE;
				GCC_WARN_UNUSED_FUNCTION = YES;
				GCC_WARN_UNUSED_VARIABLE = YES;
				IPHONEOS_DEPLOYMENT_TARGET = 15.4;
				MTL_ENABLE_DEBUG_INFO = NO;
				MTL_FAST_MATH = YES;
				SDKROOT = iphoneos;
				SWIFT_COMPILATION_MODE = wholemodule;
				SWIFT_OPTIMIZATION_LEVEL = "-O";
				VALIDATE_PRODUCT = YES;
			};
			name = Release;
		};
		87289A0D2918A45D00897C06 /* Debug */ = {
			isa = XCBuildConfiguration;
			buildSettings = {
				ASSETCATALOG_COMPILER_APPICON_NAME = AppIcon;
				ASSETCATALOG_COMPILER_GLOBAL_ACCENT_COLOR_NAME = AccentColor;
				CODE_SIGN_STYLE = Automatic;
				CURRENT_PROJECT_VERSION = 1;
				DEVELOPMENT_TEAM = Y9H897VKWQ;
				GENERATE_INFOPLIST_FILE = YES;
				INFOPLIST_FILE = CleanSwift/Info.plist;
				INFOPLIST_KEY_UIApplicationSupportsIndirectInputEvents = YES;
				INFOPLIST_KEY_UILaunchStoryboardName = LaunchScreen;
				INFOPLIST_KEY_UIMainStoryboardFile = Main;
				INFOPLIST_KEY_UISupportedInterfaceOrientations_iPad = "UIInterfaceOrientationPortrait UIInterfaceOrientationPortraitUpsideDown UIInterfaceOrientationLandscapeLeft UIInterfaceOrientationLandscapeRight";
				INFOPLIST_KEY_UISupportedInterfaceOrientations_iPhone = "UIInterfaceOrientationPortrait UIInterfaceOrientationLandscapeLeft UIInterfaceOrientationLandscapeRight";
				LD_RUNPATH_SEARCH_PATHS = (
					"$(inherited)",
					"@executable_path/Frameworks",
				);
				MARKETING_VERSION = 1.0;
				PRODUCT_BUNDLE_IDENTIFIER = "co-nuntapath.CleanSwift";
				PRODUCT_NAME = "$(TARGET_NAME)";
				SWIFT_EMIT_LOC_STRINGS = YES;
				SWIFT_VERSION = 5.0;
				TARGETED_DEVICE_FAMILY = "1,2";
			};
			name = Debug;
		};
		87289A0E2918A45D00897C06 /* Release */ = {
			isa = XCBuildConfiguration;
			buildSettings = {
				ASSETCATALOG_COMPILER_APPICON_NAME = AppIcon;
				ASSETCATALOG_COMPILER_GLOBAL_ACCENT_COLOR_NAME = AccentColor;
				CODE_SIGN_STYLE = Automatic;
				CURRENT_PROJECT_VERSION = 1;
				DEVELOPMENT_TEAM = Y9H897VKWQ;
				GENERATE_INFOPLIST_FILE = YES;
				INFOPLIST_FILE = CleanSwift/Info.plist;
				INFOPLIST_KEY_UIApplicationSupportsIndirectInputEvents = YES;
				INFOPLIST_KEY_UILaunchStoryboardName = LaunchScreen;
				INFOPLIST_KEY_UIMainStoryboardFile = Main;
				INFOPLIST_KEY_UISupportedInterfaceOrientations_iPad = "UIInterfaceOrientationPortrait UIInterfaceOrientationPortraitUpsideDown UIInterfaceOrientationLandscapeLeft UIInterfaceOrientationLandscapeRight";
				INFOPLIST_KEY_UISupportedInterfaceOrientations_iPhone = "UIInterfaceOrientationPortrait UIInterfaceOrientationLandscapeLeft UIInterfaceOrientationLandscapeRight";
				LD_RUNPATH_SEARCH_PATHS = (
					"$(inherited)",
					"@executable_path/Frameworks",
				);
				MARKETING_VERSION = 1.0;
				PRODUCT_BUNDLE_IDENTIFIER = "co-nuntapath.CleanSwift";
				PRODUCT_NAME = "$(TARGET_NAME)";
				SWIFT_EMIT_LOC_STRINGS = YES;
				SWIFT_VERSION = 5.0;
				TARGETED_DEVICE_FAMILY = "1,2";
			};
			name = Release;
		};
/* End XCBuildConfiguration section */

/* Begin XCConfigurationList section */
		872899F32918A45900897C06 /* Build configuration list for PBXProject "CleanSwift" */ = {
			isa = XCConfigurationList;
			buildConfigurations = (
				87289A0A2918A45D00897C06 /* Debug */,
				87289A0B2918A45D00897C06 /* Release */,
			);
			defaultConfigurationIsVisible = 0;
			defaultConfigurationName = Release;
		};
		87289A0C2918A45D00897C06 /* Build configuration list for PBXNativeTarget "CleanSwift" */ = {
			isa = XCConfigurationList;
			buildConfigurations = (
				87289A0D2918A45D00897C06 /* Debug */,
				87289A0E2918A45D00897C06 /* Release */,
			);
			defaultConfigurationIsVisible = 0;
			defaultConfigurationName = Release;
		};
/* End XCConfigurationList section */
	};
	rootObject = 872899F02918A45900897C06 /* Project object */;
}
